// !$*UTF8*$!
{
	archiveVersion = 1;
	classes = {
	};
	objectVersion = 46;
	objects = {

/* Begin PBXBuildFile section */
		41EC1B671EF42F7700E14417 /* AppDelegate.swift in Sources */ = {isa = PBXBuildFile; fileRef = 41EC1B661EF42F7700E14417 /* AppDelegate.swift */; };
		41EC1B691EF42F7700E14417 /* DesktopViewController.swift in Sources */ = {isa = PBXBuildFile; fileRef = 41EC1B681EF42F7700E14417 /* DesktopViewController.swift */; };
		41EC1B6C1EF42F7700E14417 /* Main.storyboard in Resources */ = {isa = PBXBuildFile; fileRef = 41EC1B6A1EF42F7700E14417 /* Main.storyboard */; };
		41EC1B6E1EF42F7700E14417 /* Assets.xcassets in Resources */ = {isa = PBXBuildFile; fileRef = 41EC1B6D1EF42F7700E14417 /* Assets.xcassets */; };
		41EC1B711EF42F7700E14417 /* LaunchScreen.storyboard in Resources */ = {isa = PBXBuildFile; fileRef = 41EC1B6F1EF42F7700E14417 /* LaunchScreen.storyboard */; };
		41EC1B791EF42F8F00E14417 /* BSWindow.swift in Sources */ = {isa = PBXBuildFile; fileRef = 41EC1B781EF42F8F00E14417 /* BSWindow.swift */; };
		41EC1B7B1EF4306C00E14417 /* WindowToolbar.swift in Sources */ = {isa = PBXBuildFile; fileRef = 41EC1B7A1EF4306C00E14417 /* WindowToolbar.swift */; };
		41EC1B7D1EF4313200E14417 /* StandardOptions.swift in Sources */ = {isa = PBXBuildFile; fileRef = 41EC1B7C1EF4313200E14417 /* StandardOptions.swift */; };
		41EC1B801EF4572900E14417 /* DragView.swift in Sources */ = {isa = PBXBuildFile; fileRef = 41EC1B7F1EF4572900E14417 /* DragView.swift */; };
		41EC1B821EF4620900E14417 /* TouchFilter.swift in Sources */ = {isa = PBXBuildFile; fileRef = 41EC1B811EF4620900E14417 /* TouchFilter.swift */; };
		41EC1B861EF7FC8100E14417 /* TextEditViewController.swift in Sources */ = {isa = PBXBuildFile; fileRef = 41EC1B851EF7FC8100E14417 /* TextEditViewController.swift */; };
		41EC1B891EF7FCB900E14417 /* WindowViewController.swift in Sources */ = {isa = PBXBuildFile; fileRef = 41EC1B881EF7FCB900E14417 /* WindowViewController.swift */; };
		41EC1B8E1EF80B1A00E14417 /* WindowManager.swift in Sources */ = {isa = PBXBuildFile; fileRef = 41EC1B8D1EF80B1A00E14417 /* WindowManager.swift */; };
		E875D7D79E95D0DC20A9AC1C /* Pods_WindowManager.framework in Frameworks */ = {isa = PBXBuildFile; fileRef = B99858B414C50587416B9AA3 /* Pods_WindowManager.framework */; };
/* End PBXBuildFile section */

/* Begin PBXFileReference section */
		009744BF51F2C64B40F14229 /* Pods-WindowManager.release.xcconfig */ = {isa = PBXFileReference; includeInIndex = 1; lastKnownFileType = text.xcconfig; name = "Pods-WindowManager.release.xcconfig"; path = "Pods/Target Support Files/Pods-WindowManager/Pods-WindowManager.release.xcconfig"; sourceTree = "<group>"; };
		41EC1B631EF42F7700E14417 /* WindowManager.app */ = {isa = PBXFileReference; explicitFileType = wrapper.application; includeInIndex = 0; path = WindowManager.app; sourceTree = BUILT_PRODUCTS_DIR; };
		41EC1B661EF42F7700E14417 /* AppDelegate.swift */ = {isa = PBXFileReference; lastKnownFileType = sourcecode.swift; path = AppDelegate.swift; sourceTree = "<group>"; };
		41EC1B681EF42F7700E14417 /* DesktopViewController.swift */ = {isa = PBXFileReference; lastKnownFileType = sourcecode.swift; path = DesktopViewController.swift; sourceTree = "<group>"; };
		41EC1B6B1EF42F7700E14417 /* Base */ = {isa = PBXFileReference; lastKnownFileType = file.storyboard; name = Base; path = Base.lproj/Main.storyboard; sourceTree = "<group>"; };
		41EC1B6D1EF42F7700E14417 /* Assets.xcassets */ = {isa = PBXFileReference; lastKnownFileType = folder.assetcatalog; path = Assets.xcassets; sourceTree = "<group>"; };
		41EC1B701EF42F7700E14417 /* Base */ = {isa = PBXFileReference; lastKnownFileType = file.storyboard; name = Base; path = Base.lproj/LaunchScreen.storyboard; sourceTree = "<group>"; };
		41EC1B721EF42F7700E14417 /* Info.plist */ = {isa = PBXFileReference; lastKnownFileType = text.plist.xml; path = Info.plist; sourceTree = "<group>"; };
		41EC1B781EF42F8F00E14417 /* BSWindow.swift */ = {isa = PBXFileReference; fileEncoding = 4; lastKnownFileType = sourcecode.swift; path = BSWindow.swift; sourceTree = "<group>"; };
		41EC1B7A1EF4306C00E14417 /* WindowToolbar.swift */ = {isa = PBXFileReference; fileEncoding = 4; lastKnownFileType = sourcecode.swift; path = WindowToolbar.swift; sourceTree = "<group>"; };
		41EC1B7C1EF4313200E14417 /* StandardOptions.swift */ = {isa = PBXFileReference; fileEncoding = 4; lastKnownFileType = sourcecode.swift; path = StandardOptions.swift; sourceTree = "<group>"; };
		41EC1B7F1EF4572900E14417 /* DragView.swift */ = {isa = PBXFileReference; fileEncoding = 4; lastKnownFileType = sourcecode.swift; path = DragView.swift; sourceTree = "<group>"; };
		41EC1B811EF4620900E14417 /* TouchFilter.swift */ = {isa = PBXFileReference; fileEncoding = 4; lastKnownFileType = sourcecode.swift; path = TouchFilter.swift; sourceTree = "<group>"; };
		41EC1B851EF7FC8100E14417 /* TextEditViewController.swift */ = {isa = PBXFileReference; fileEncoding = 4; lastKnownFileType = sourcecode.swift; path = TextEditViewController.swift; sourceTree = "<group>"; };
		41EC1B881EF7FCB900E14417 /* WindowViewController.swift */ = {isa = PBXFileReference; fileEncoding = 4; lastKnownFileType = sourcecode.swift; path = WindowViewController.swift; sourceTree = "<group>"; };
		41EC1B8D1EF80B1A00E14417 /* WindowManager.swift */ = {isa = PBXFileReference; fileEncoding = 4; lastKnownFileType = sourcecode.swift; path = WindowManager.swift; sourceTree = "<group>"; };
		480C5DE03381D1BF927FDB0F /* Pods-WindowManager.debug.xcconfig */ = {isa = PBXFileReference; includeInIndex = 1; lastKnownFileType = text.xcconfig; name = "Pods-WindowManager.debug.xcconfig"; path = "Pods/Target Support Files/Pods-WindowManager/Pods-WindowManager.debug.xcconfig"; sourceTree = "<group>"; };
		B99858B414C50587416B9AA3 /* Pods_WindowManager.framework */ = {isa = PBXFileReference; explicitFileType = wrapper.framework; includeInIndex = 0; path = Pods_WindowManager.framework; sourceTree = BUILT_PRODUCTS_DIR; };
/* End PBXFileReference section */

/* Begin PBXFrameworksBuildPhase section */
		41EC1B601EF42F7700E14417 /* Frameworks */ = {
			isa = PBXFrameworksBuildPhase;
			buildActionMask = 2147483647;
			files = (
				E875D7D79E95D0DC20A9AC1C /* Pods_WindowManager.framework in Frameworks */,
			);
			runOnlyForDeploymentPostprocessing = 0;
		};
/* End PBXFrameworksBuildPhase section */

/* Begin PBXGroup section */
		41EC1B5A1EF42F7700E14417 = {
			isa = PBXGroup;
			children = (
				41EC1B651EF42F7700E14417 /* WindowManager */,
				41EC1B641EF42F7700E14417 /* Products */,
				5790ECE026FE0997CF1042BB /* Pods */,
				E3A73BE55484FE8BB9B82CC0 /* Frameworks */,
			);
			sourceTree = "<group>";
		};
		41EC1B641EF42F7700E14417 /* Products */ = {
			isa = PBXGroup;
			children = (
				41EC1B631EF42F7700E14417 /* WindowManager.app */,
			);
			name = Products;
			sourceTree = "<group>";
		};
		41EC1B651EF42F7700E14417 /* WindowManager */ = {
			isa = PBXGroup;
			children = (
				41EC1B661EF42F7700E14417 /* AppDelegate.swift */,
				41EC1B7C1EF4313200E14417 /* StandardOptions.swift */,
				41EC1B8C1EF80AD200E14417 /* Manager */,
				41EC1B8A1EF80A8C00E14417 /* App ViewControllers */,
				41EC1B8B1EF80AA400E14417 /* Window Classes */,
				41EC1B7E1EF43C2C00E14417 /* ExampleViews */,
				41EC1B6A1EF42F7700E14417 /* Main.storyboard */,
				41EC1B6D1EF42F7700E14417 /* Assets.xcassets */,
				41EC1B6F1EF42F7700E14417 /* LaunchScreen.storyboard */,
				41EC1B721EF42F7700E14417 /* Info.plist */,
			);
			path = WindowManager;
			sourceTree = "<group>";
		};
		41EC1B7E1EF43C2C00E14417 /* ExampleViews */ = {
			isa = PBXGroup;
			children = (
				41EC1B871EF7FC8600E14417 /* Simple Text Edit */,
			);
			name = ExampleViews;
			sourceTree = "<group>";
		};
		41EC1B871EF7FC8600E14417 /* Simple Text Edit */ = {
			isa = PBXGroup;
			children = (
				41EC1B851EF7FC8100E14417 /* TextEditViewController.swift */,
			);
			name = "Simple Text Edit";
			sourceTree = "<group>";
		};
		41EC1B8A1EF80A8C00E14417 /* App ViewControllers */ = {
			isa = PBXGroup;
			children = (
				41EC1B681EF42F7700E14417 /* DesktopViewController.swift */,
			);
			name = "App ViewControllers";
			sourceTree = "<group>";
		};
		41EC1B8B1EF80AA400E14417 /* Window Classes */ = {
			isa = PBXGroup;
			children = (
				41EC1B881EF7FCB900E14417 /* WindowViewController.swift */,
				41EC1B781EF42F8F00E14417 /* BSWindow.swift */,
				41EC1B7A1EF4306C00E14417 /* WindowToolbar.swift */,
				41EC1B7F1EF4572900E14417 /* DragView.swift */,
				41EC1B811EF4620900E14417 /* TouchFilter.swift */,
			);
			name = "Window Classes";
			sourceTree = "<group>";
		};
		41EC1B8C1EF80AD200E14417 /* Manager */ = {
			isa = PBXGroup;
			children = (
				41EC1B8D1EF80B1A00E14417 /* WindowManager.swift */,
			);
			name = Manager;
			sourceTree = "<group>";
		};
		5790ECE026FE0997CF1042BB /* Pods */ = {
			isa = PBXGroup;
			children = (
				480C5DE03381D1BF927FDB0F /* Pods-WindowManager.debug.xcconfig */,
				009744BF51F2C64B40F14229 /* Pods-WindowManager.release.xcconfig */,
			);
			name = Pods;
			sourceTree = "<group>";
		};
		E3A73BE55484FE8BB9B82CC0 /* Frameworks */ = {
			isa = PBXGroup;
			children = (
				B99858B414C50587416B9AA3 /* Pods_WindowManager.framework */,
			);
			name = Frameworks;
			sourceTree = "<group>";
		};
/* End PBXGroup section */

/* Begin PBXNativeTarget section */
		41EC1B621EF42F7700E14417 /* WindowManager */ = {
			isa = PBXNativeTarget;
			buildConfigurationList = 41EC1B751EF42F7700E14417 /* Build configuration list for PBXNativeTarget "WindowManager" */;
			buildPhases = (
				3E8983145BA9418B71287689 /* [CP] Check Pods Manifest.lock */,
				41EC1B5F1EF42F7700E14417 /* Sources */,
				41EC1B601EF42F7700E14417 /* Frameworks */,
				41EC1B611EF42F7700E14417 /* Resources */,
				1EE13076C942EABE6DF17162 /* [CP] Embed Pods Frameworks */,
				85740DB41CC5E1EDF132F349 /* [CP] Copy Pods Resources */,
			);
			buildRules = (
			);
			dependencies = (
			);
			name = WindowManager;
			productName = WindowManager;
			productReference = 41EC1B631EF42F7700E14417 /* WindowManager.app */;
			productType = "com.apple.product-type.application";
		};
/* End PBXNativeTarget section */

/* Begin PBXProject section */
		41EC1B5B1EF42F7700E14417 /* Project object */ = {
			isa = PBXProject;
			attributes = {
				LastSwiftUpdateCheck = 0830;
				LastUpgradeCheck = 0830;
				TargetAttributes = {
					41EC1B621EF42F7700E14417 = {
						CreatedOnToolsVersion = 8.3.2;
						DevelopmentTeam = Z67LVNYQSE;
						ProvisioningStyle = Automatic;
					};
				};
			};
			buildConfigurationList = 41EC1B5E1EF42F7700E14417 /* Build configuration list for PBXProject "WindowManager" */;
			compatibilityVersion = "Xcode 3.2";
			developmentRegion = English;
			hasScannedForEncodings = 0;
			knownRegions = (
				en,
				Base,
			);
			mainGroup = 41EC1B5A1EF42F7700E14417;
			productRefGroup = 41EC1B641EF42F7700E14417 /* Products */;
			projectDirPath = "";
			projectRoot = "";
			targets = (
				41EC1B621EF42F7700E14417 /* WindowManager */,
			);
		};
/* End PBXProject section */

/* Begin PBXResourcesBuildPhase section */
		41EC1B611EF42F7700E14417 /* Resources */ = {
			isa = PBXResourcesBuildPhase;
			buildActionMask = 2147483647;
			files = (
				41EC1B711EF42F7700E14417 /* LaunchScreen.storyboard in Resources */,
				41EC1B6E1EF42F7700E14417 /* Assets.xcassets in Resources */,
				41EC1B6C1EF42F7700E14417 /* Main.storyboard in Resources */,
			);
			runOnlyForDeploymentPostprocessing = 0;
		};
/* End PBXResourcesBuildPhase section */

/* Begin PBXShellScriptBuildPhase section */
		1EE13076C942EABE6DF17162 /* [CP] Embed Pods Frameworks */ = {
			isa = PBXShellScriptBuildPhase;
			buildActionMask = 2147483647;
			files = (
			);
			inputPaths = (
			);
			name = "[CP] Embed Pods Frameworks";
			outputPaths = (
			);
			runOnlyForDeploymentPostprocessing = 0;
			shellPath = /bin/sh;
			shellScript = "\"${SRCROOT}/Pods/Target Support Files/Pods-WindowManager/Pods-WindowManager-frameworks.sh\"\n";
			showEnvVarsInLog = 0;
		};
		3E8983145BA9418B71287689 /* [CP] Check Pods Manifest.lock */ = {
			isa = PBXShellScriptBuildPhase;
			buildActionMask = 2147483647;
			files = (
			);
			inputPaths = (
			);
			name = "[CP] Check Pods Manifest.lock";
			outputPaths = (
			);
			runOnlyForDeploymentPostprocessing = 0;
			shellPath = /bin/sh;
			shellScript = "diff \"${PODS_PODFILE_DIR_PATH}/Podfile.lock\" \"${PODS_ROOT}/Manifest.lock\" > /dev/null\nif [ $? != 0 ] ; then\n    # print error to STDERR\n    echo \"error: The sandbox is not in sync with the Podfile.lock. Run 'pod install' or update your CocoaPods installation.\" >&2\n    exit 1\nfi\n";
			showEnvVarsInLog = 0;
		};
		85740DB41CC5E1EDF132F349 /* [CP] Copy Pods Resources */ = {
			isa = PBXShellScriptBuildPhase;
			buildActionMask = 2147483647;
			files = (
			);
			inputPaths = (
			);
			name = "[CP] Copy Pods Resources";
			outputPaths = (
			);
			runOnlyForDeploymentPostprocessing = 0;
			shellPath = /bin/sh;
			shellScript = "\"${SRCROOT}/Pods/Target Support Files/Pods-WindowManager/Pods-WindowManager-resources.sh\"\n";
			showEnvVarsInLog = 0;
		};
/* End PBXShellScriptBuildPhase section */

/* Begin PBXSourcesBuildPhase section */
		41EC1B5F1EF42F7700E14417 /* Sources */ = {
			isa = PBXSourcesBuildPhase;
			buildActionMask = 2147483647;
			files = (
				41EC1B791EF42F8F00E14417 /* BSWindow.swift in Sources */,
				41EC1B861EF7FC8100E14417 /* TextEditViewController.swift in Sources */,
				41EC1B7B1EF4306C00E14417 /* WindowToolbar.swift in Sources */,
				41EC1B801EF4572900E14417 /* DragView.swift in Sources */,
				41EC1B891EF7FCB900E14417 /* WindowViewController.swift in Sources */,
				41EC1B821EF4620900E14417 /* TouchFilter.swift in Sources */,
				41EC1B691EF42F7700E14417 /* DesktopViewController.swift in Sources */,
				41EC1B671EF42F7700E14417 /* AppDelegate.swift in Sources */,
				41EC1B7D1EF4313200E14417 /* StandardOptions.swift in Sources */,
				41EC1B8E1EF80B1A00E14417 /* WindowManager.swift in Sources */,
			);
			runOnlyForDeploymentPostprocessing = 0;
		};
/* End PBXSourcesBuildPhase section */

/* Begin PBXVariantGroup section */
		41EC1B6A1EF42F7700E14417 /* Main.storyboard */ = {
			isa = PBXVariantGroup;
			children = (
				41EC1B6B1EF42F7700E14417 /* Base */,
			);
			name = Main.storyboard;
			sourceTree = "<group>";
		};
		41EC1B6F1EF42F7700E14417 /* LaunchScreen.storyboard */ = {
			isa = PBXVariantGroup;
			children = (
				41EC1B701EF42F7700E14417 /* Base */,
			);
			name = LaunchScreen.storyboard;
			sourceTree = "<group>";
		};
/* End PBXVariantGroup section */

/* Begin XCBuildConfiguration section */
		41EC1B731EF42F7700E14417 /* Debug */ = {
			isa = XCBuildConfiguration;
			buildSettings = {
				ALWAYS_SEARCH_USER_PATHS = NO;
				CLANG_ANALYZER_NONNULL = YES;
				CLANG_ANALYZER_NUMBER_OBJECT_CONVERSION = YES_AGGRESSIVE;
				CLANG_CXX_LANGUAGE_STANDARD = "gnu++0x";
				CLANG_CXX_LIBRARY = "libc++";
				CLANG_ENABLE_MODULES = YES;
				CLANG_ENABLE_OBJC_ARC = YES;
				CLANG_WARN_BOOL_CONVERSION = YES;
				CLANG_WARN_CONSTANT_CONVERSION = YES;
				CLANG_WARN_DIRECT_OBJC_ISA_USAGE = YES_ERROR;
				CLANG_WARN_DOCUMENTATION_COMMENTS = YES;
				CLANG_WARN_EMPTY_BODY = YES;
				CLANG_WARN_ENUM_CONVERSION = YES;
				CLANG_WARN_INFINITE_RECURSION = YES;
				CLANG_WARN_INT_CONVERSION = YES;
				CLANG_WARN_OBJC_ROOT_CLASS = YES_ERROR;
				CLANG_WARN_SUSPICIOUS_MOVE = YES;
				CLANG_WARN_UNREACHABLE_CODE = YES;
				CLANG_WARN__DUPLICATE_METHOD_MATCH = YES;
				"CODE_SIGN_IDENTITY[sdk=iphoneos*]" = "iPhone Developer";
				COPY_PHASE_STRIP = NO;
				DEBUG_INFORMATION_FORMAT = dwarf;
				ENABLE_STRICT_OBJC_MSGSEND = YES;
				ENABLE_TESTABILITY = YES;
				GCC_C_LANGUAGE_STANDARD = gnu99;
				GCC_DYNAMIC_NO_PIC = NO;
				GCC_NO_COMMON_BLOCKS = YES;
				GCC_OPTIMIZATION_LEVEL = 0;
				GCC_PREPROCESSOR_DEFINITIONS = (
					"DEBUG=1",
					"$(inherited)",
				);
				GCC_WARN_64_TO_32_BIT_CONVERSION = YES;
				GCC_WARN_ABOUT_RETURN_TYPE = YES_ERROR;
				GCC_WARN_UNDECLARED_SELECTOR = YES;
				GCC_WARN_UNINITIALIZED_AUTOS = YES_AGGRESSIVE;
				GCC_WARN_UNUSED_FUNCTION = YES;
				GCC_WARN_UNUSED_VARIABLE = YES;
				IPHONEOS_DEPLOYMENT_TARGET = 10.3;
				MTL_ENABLE_DEBUG_INFO = YES;
				ONLY_ACTIVE_ARCH = YES;
				SDKROOT = iphoneos;
				SWIFT_ACTIVE_COMPILATION_CONDITIONS = DEBUG;
				SWIFT_OPTIMIZATION_LEVEL = "-Onone";
				TARGETED_DEVICE_FAMILY = "1,2";
			};
			name = Debug;
		};
		41EC1B741EF42F7700E14417 /* Release */ = {
			isa = XCBuildConfiguration;
			buildSettings = {
				ALWAYS_SEARCH_USER_PATHS = NO;
				CLANG_ANALYZER_NONNULL = YES;
				CLANG_ANALYZER_NUMBER_OBJECT_CONVERSION = YES_AGGRESSIVE;
				CLANG_CXX_LANGUAGE_STANDARD = "gnu++0x";
				CLANG_CXX_LIBRARY = "libc++";
				CLANG_ENABLE_MODULES = YES;
				CLANG_ENABLE_OBJC_ARC = YES;
				CLANG_WARN_BOOL_CONVERSION = YES;
				CLANG_WARN_CONSTANT_CONVERSION = YES;
				CLANG_WARN_DIRECT_OBJC_ISA_USAGE = YES_ERROR;
				CLANG_WARN_DOCUMENTATION_COMMENTS = YES;
				CLANG_WARN_EMPTY_BODY = YES;
				CLANG_WARN_ENUM_CONVERSION = YES;
				CLANG_WARN_INFINITE_RECURSION = YES;
				CLANG_WARN_INT_CONVERSION = YES;
				CLANG_WARN_OBJC_ROOT_CLASS = YES_ERROR;
				CLANG_WARN_SUSPICIOUS_MOVE = YES;
				CLANG_WARN_UNREACHABLE_CODE = YES;
				CLANG_WARN__DUPLICATE_METHOD_MATCH = YES;
				"CODE_SIGN_IDENTITY[sdk=iphoneos*]" = "iPhone Developer";
				COPY_PHASE_STRIP = NO;
				DEBUG_INFORMATION_FORMAT = "dwarf-with-dsym";
				ENABLE_NS_ASSERTIONS = NO;
				ENABLE_STRICT_OBJC_MSGSEND = YES;
				GCC_C_LANGUAGE_STANDARD = gnu99;
				GCC_NO_COMMON_BLOCKS = YES;
				GCC_WARN_64_TO_32_BIT_CONVERSION = YES;
				GCC_WARN_ABOUT_RETURN_TYPE = YES_ERROR;
				GCC_WARN_UNDECLARED_SELECTOR = YES;
				GCC_WARN_UNINITIALIZED_AUTOS = YES_AGGRESSIVE;
				GCC_WARN_UNUSED_FUNCTION = YES;
				GCC_WARN_UNUSED_VARIABLE = YES;
				IPHONEOS_DEPLOYMENT_TARGET = 10.3;
				MTL_ENABLE_DEBUG_INFO = NO;
				SDKROOT = iphoneos;
				SWIFT_OPTIMIZATION_LEVEL = "-Owholemodule";
				TARGETED_DEVICE_FAMILY = "1,2";
				VALIDATE_PRODUCT = YES;
			};
			name = Release;
		};
		41EC1B761EF42F7700E14417 /* Debug */ = {
			isa = XCBuildConfiguration;
			baseConfigurationReference = 480C5DE03381D1BF927FDB0F /* Pods-WindowManager.debug.xcconfig */;
			buildSettings = {
				ASSETCATALOG_COMPILER_APPICON_NAME = AppIcon;
				DEVELOPMENT_TEAM = Z67LVNYQSE;
				INFOPLIST_FILE = WindowManager/Info.plist;
				LD_RUNPATH_SEARCH_PATHS = "$(inherited) @executable_path/Frameworks";
				PRODUCT_BUNDLE_IDENTIFIER = com.slayter.WindowManager;
				PRODUCT_NAME = "$(TARGET_NAME)";
				SWIFT_VERSION = 3.0;
			};
			name = Debug;
		};
		41EC1B771EF42F7700E14417 /* Release */ = {
			isa = XCBuildConfiguration;
			baseConfigurationReference = 009744BF51F2C64B40F14229 /* Pods-WindowManager.release.xcconfig */;
			buildSettings = {
				ASSETCATALOG_COMPILER_APPICON_NAME = AppIcon;
				DEVELOPMENT_TEAM = Z67LVNYQSE;
				INFOPLIST_FILE = WindowManager/Info.plist;
				LD_RUNPATH_SEARCH_PATHS = "$(inherited) @executable_path/Frameworks";
				PRODUCT_BUNDLE_IDENTIFIER = com.slayter.WindowManager;
				PRODUCT_NAME = "$(TARGET_NAME)";
				SWIFT_VERSION = 3.0;
			};
			name = Release;
		};
/* End XCBuildConfiguration section */

/* Begin XCConfigurationList section */
		41EC1B5E1EF42F7700E14417 /* Build configuration list for PBXProject "WindowManager" */ = {
			isa = XCConfigurationList;
			buildConfigurations = (
				41EC1B731EF42F7700E14417 /* Debug */,
				41EC1B741EF42F7700E14417 /* Release */,
			);
			defaultConfigurationIsVisible = 0;
			defaultConfigurationName = Release;
		};
		41EC1B751EF42F7700E14417 /* Build configuration list for PBXNativeTarget "WindowManager" */ = {
			isa = XCConfigurationList;
			buildConfigurations = (
				41EC1B761EF42F7700E14417 /* Debug */,
				41EC1B771EF42F7700E14417 /* Release */,
			);
			defaultConfigurationIsVisible = 0;
			defaultConfigurationName = Release;
		};
/* End XCConfigurationList section */
	};
	rootObject = 41EC1B5B1EF42F7700E14417 /* Project object */;
}
